
Microsoft Visual Studio Solution File, Format Version 12.00
# Visual Studio Version 17
VisualStudioVersion = 17.0.31903.59
MinimumVisualStudioVersion = 10.0.40219.1
Project("{2150E333-8FDC-42A3-9474-1A3956D46DE8}") = "src", "src", "{827E0CD3-B72D-47B6-A68D-7590B98EB39B}"
EndProject
Project("{2150E333-8FDC-42A3-9474-1A3956D46DE8}") = "BuildingBlocks", "BuildingBlocks", "{90298CBA-BD6F-3A0A-69D5-97CAD7B05E7E}"
EndProject
Project("{FAE04EC0-301F-11D3-BF4B-00C04F79EFBC}") = "QuickBite.BuildingBlocks.Common", "src\BuildingBlocks\QuickBite.BuildingBlocks.Common\QuickBite.BuildingBlocks.Common.csproj", "{82BC5C4C-D8EF-42CD-9B9F-1D3AA6A705FC}"
EndProject
Project("{FAE04EC0-301F-11D3-BF4B-00C04F79EFBC}") = "QuickBite.BuildingBlocks.Contracts", "src\BuildingBlocks\QuickBite.BuildingBlocks.Contracts\QuickBite.BuildingBlocks.Contracts.csproj", "{D565676E-1306-4E16-9827-B44BDC11C38E}"
EndProject
Project("{FAE04EC0-301F-11D3-BF4B-00C04F79EFBC}") = "QuickBite.BuildingBlocks.Kafka", "src\BuildingBlocks\QuickBite.BuildingBlocks.Kafka\QuickBite.BuildingBlocks.Kafka.csproj", "{BBB6C63E-C16C-49F3-8900-A15145E74889}"
EndProject
Project("{FAE04EC0-301F-11D3-BF4B-00C04F79EFBC}") = "QuickBite.BuildingBlocks.Observability", "src\BuildingBlocks\QuickBite.BuildingBlocks.Observability\QuickBite.BuildingBlocks.Observability.csproj", "{B0E625BE-DB9B-47BA-9563-0F39370ECBE2}"
EndProject
Project("{FAE04EC0-301F-11D3-BF4B-00C04F79EFBC}") = "QuickBite.Gateway", "src\Gateway\QuickBite.Gateway\QuickBite.Gateway.csproj", "{82955726-7EA3-4310-A869-C01B80CEF118}"
EndProject
Project("{FAE04EC0-301F-11D3-BF4B-00C04F79EFBC}") = "QuickBite.Catalog.Api", "src\Services\Catalog\QuickBite.Catalog.Api\QuickBite.Catalog.Api.csproj", "{FC9ED3F3-5D30-481C-AD38-6813845082CC}"
EndProject
Project("{FAE04EC0-301F-11D3-BF4B-00C04F79EFBC}") = "QuickBite.Catalog.Application", "src\Services\Catalog\QuickBite.Catalog.Application\QuickBite.Catalog.Application.csproj", "{0E7C94DB-ED06-4465-B12E-6B4A2E9AB6F2}"
EndProject
Project("{FAE04EC0-301F-11D3-BF4B-00C04F79EFBC}") = "QuickBite.Catalog.Domain", "src\Services\Catalog\QuickBite.Catalog.Domain\QuickBite.Catalog.Domain.csproj", "{146C233C-A434-4842-962D-D086D3608F11}"
EndProject
Project("{FAE04EC0-301F-11D3-BF4B-00C04F79EFBC}") = "QuickBite.Catalog.Infrastructure", "src\Services\Catalog\QuickBite.Catalog.Infrastructure\QuickBite.Catalog.Infrastructure.csproj", "{45DA3B63-3EC7-4B84-B73A-7225DE4EC54F}"
EndProject
Project("{FAE04EC0-301F-11D3-BF4B-00C04F79EFBC}") = "QuickBite.Delivery.Api", "src\Services\Delivery\QuickBite.Delivery.Api\QuickBite.Delivery.Api.csproj", "{5FE836EB-2705-4AE5-B029-6EDD89A8D3E5}"
EndProject
Project("{FAE04EC0-301F-11D3-BF4B-00C04F79EFBC}") = "QuickBite.Delivery.Application", "src\Services\Delivery\QuickBite.Delivery.Application\QuickBite.Delivery.Application.csproj", "{95956052-4ABC-4038-8F93-789DF64A9352}"
EndProject
Project("{FAE04EC0-301F-11D3-BF4B-00C04F79EFBC}") = "QuickBite.Delivery.Domain", "src\Services\Delivery\QuickBite.Delivery.Domain\QuickBite.Delivery.Domain.csproj", "{160420C7-417E-42ED-867A-56AE21958654}"
EndProject
Project("{FAE04EC0-301F-11D3-BF4B-00C04F79EFBC}") = "QuickBite.Delivery.Infrastructure", "src\Services\Delivery\QuickBite.Delivery.Infrastructure\QuickBite.Delivery.Infrastructure.csproj", "{F91CD9F2-392A-4B59-BBD6-D95CD7054BCB}"
EndProject
Project("{FAE04EC0-301F-11D3-BF4B-00C04F79EFBC}") = "QuickBite.Identity.Api", "src\Services\Identity\QuickBite.Identity.Api\QuickBite.Identity.Api.csproj", "{6ADBD00B-75AB-4231-B5F3-56904B24D610}"
EndProject
Project("{FAE04EC0-301F-11D3-BF4B-00C04F79EFBC}") = "QuickBite.Identity.Application", "src\Services\Identity\QuickBite.Identity.Application\QuickBite.Identity.Application.csproj", "{9A7E10C2-3FEF-4E9B-BB01-573D09B0F83F}"
EndProject
Project("{FAE04EC0-301F-11D3-BF4B-00C04F79EFBC}") = "QuickBite.Identity.Domain", "src\Services\Identity\QuickBite.Identity.Domain\QuickBite.Identity.Domain.csproj", "{A310D70E-B820-47F9-8ED0-DBAAF87DB12E}"
EndProject
Project("{FAE04EC0-301F-11D3-BF4B-00C04F79EFBC}") = "QuickBite.Identity.Infrastructure", "src\Services\Identity\QuickBite.Identity.Infrastructure\QuickBite.Identity.Infrastructure.csproj", "{A06FD4AE-8321-43BC-B404-FD8A85171B6E}"
EndProject
Project("{FAE04EC0-301F-11D3-BF4B-00C04F79EFBC}") = "QuickBite.Orders.Api", "src\Services\Orders\QuickBite.Orders.Api\QuickBite.Orders.Api.csproj", "{FF047990-9D39-4167-8AC5-7B5DC277E759}"
EndProject
Project("{FAE04EC0-301F-11D3-BF4B-00C04F79EFBC}") = "QuickBite.Orders.Application", "src\Services\Orders\QuickBite.Orders.Application\QuickBite.Orders.Application.csproj", "{F1F940F6-981C-4B0C-9E4B-BB6EF320D6C1}"
EndProject
Project("{FAE04EC0-301F-11D3-BF4B-00C04F79EFBC}") = "QuickBite.Orders.Domain", "src\Services\Orders\QuickBite.Orders.Domain\QuickBite.Orders.Domain.csproj", "{7C0C106F-0CEC-4248-8AC0-9C337F6C0920}"
EndProject
Project("{FAE04EC0-301F-11D3-BF4B-00C04F79EFBC}") = "QuickBite.Orders.Infrastructure", "src\Services\Orders\QuickBite.Orders.Infrastructure\QuickBite.Orders.Infrastructure.csproj", "{FFF13C04-C7B8-4055-9D33-D1FC0AE97FAF}"
EndProject
Project("{FAE04EC0-301F-11D3-BF4B-00C04F79EFBC}") = "QuickBite.Payments.Api", "src\Services\Payments\QuickBite.Payments.Api\QuickBite.Payments.Api.csproj", "{67D8A243-B6A1-44B7-AF1F-07246DABB005}"
EndProject
Project("{FAE04EC0-301F-11D3-BF4B-00C04F79EFBC}") = "QuickBite.Payments.Application", "src\Services\Payments\QuickBite.Payments.Application\QuickBite.Payments.Application.csproj", "{540CD71A-3A16-42F3-AE8D-5AA9D16136E8}"
EndProject
Project("{FAE04EC0-301F-11D3-BF4B-00C04F79EFBC}") = "QuickBite.Payments.Domain", "src\Services\Payments\QuickBite.Payments.Domain\QuickBite.Payments.Domain.csproj", "{35223CE5-18B6-41B9-8C07-D5D3C1F3E257}"
EndProject
Project("{FAE04EC0-301F-11D3-BF4B-00C04F79EFBC}") = "QuickBite.Payments.Infrastructure", "src\Services\Payments\QuickBite.Payments.Infrastructure\QuickBite.Payments.Infrastructure.csproj", "{9B256223-BD7E-45A7-BFCD-E3E5D6160ECA}"
EndProject
Project("{FAE04EC0-301F-11D3-BF4B-00C04F79EFBC}") = "QuickBite.Catalog.Tests", "tests\QuickBite.Catalog.Tests\QuickBite.Catalog.Tests.csproj", "{84257AB1-9073-4D70-94AA-DED00170C21B}"
EndProject
Project("{FAE04EC0-301F-11D3-BF4B-00C04F79EFBC}") = "QuickBite.Delivery.Tests", "tests\QuickBite.Delivery.Tests\QuickBite.Delivery.Tests.csproj", "{2E0DE4AF-1E80-451D-B2B7-800C9A7619D1}"
EndProject
Project("{FAE04EC0-301F-11D3-BF4B-00C04F79EFBC}") = "QuickBite.Identity.Tests", "tests\QuickBite.Identity.Tests\QuickBite.Identity.Tests.csproj", "{C650AC8F-5488-4E51-8AD2-F24FA56317B0}"
EndProject
Project("{FAE04EC0-301F-11D3-BF4B-00C04F79EFBC}") = "QuickBite.Orders.Tests", "tests\QuickBite.Orders.Tests\QuickBite.Orders.Tests.csproj", "{D95E3E7E-8615-432C-AED2-AFF05D330A72}"
EndProject
Project("{FAE04EC0-301F-11D3-BF4B-00C04F79EFBC}") = "QuickBite.Payments.Tests", "tests\QuickBite.Payments.Tests\QuickBite.Payments.Tests.csproj", "{DAF40383-4631-4533-8E08-D03D8CEC9BD0}"
EndProject
Project("{2150E333-8FDC-42A3-9474-1A3956D46DE8}") = "tests", "tests", "{0AB3BF05-4346-4AA6-1389-037BE0695223}"
EndProject
Project("{FAE04EC0-301F-11D3-BF4B-00C04F79EFBC}") = "QuickBite.BuildingBlocks.Tests", "tests\QuickBite.BuildingBlocks.Tests\QuickBite.BuildingBlocks.Tests.csproj", "{590C1DFD-60A5-4A45-AC25-5B72A8BF56AE}"
EndProject
Project("{FAE04EC0-301F-11D3-BF4B-00C04F79EFBC}") = "QuickBite.BuildingBlocks.Api", "src\BuildingBlocks\QuickBite.BuildingBlocks.Api\QuickBite.BuildingBlocks.Api.csproj", "{44C86195-A7B0-40A4-AD1C-83EFA5F9C321}"
EndProject
Project("{FAE04EC0-301F-11D3-BF4B-00C04F79EFBC}") = "QuickBite.QualityGates.Tests", "tests\QuickBite.QualityGates.Tests\QuickBite.QualityGates.Tests.csproj", "{BC6E2F01-036D-4C4F-9DA9-8352DD9C6AB4}"
EndProject
Global
	GlobalSection(SolutionConfigurationPlatforms) = preSolution
		Debug|Any CPU = Debug|Any CPU
		Debug|x64 = Debug|x64
		Debug|x86 = Debug|x86
		Release|Any CPU = Release|Any CPU
		Release|x64 = Release|x64
		Release|x86 = Release|x86
	EndGlobalSection
	GlobalSection(ProjectConfigurationPlatforms) = postSolution
		{82BC5C4C-D8EF-42CD-9B9F-1D3AA6A705FC}.Debug|Any CPU.ActiveCfg = Debug|Any CPU
		{82BC5C4C-D8EF-42CD-9B9F-1D3AA6A705FC}.Debug|Any CPU.Build.0 = Debug|Any CPU
		{82BC5C4C-D8EF-42CD-9B9F-1D3AA6A705FC}.Debug|x64.ActiveCfg = Debug|Any CPU
		{82BC5C4C-D8EF-42CD-9B9F-1D3AA6A705FC}.Debug|x64.Build.0 = Debug|Any CPU
		{82BC5C4C-D8EF-42CD-9B9F-1D3AA6A705FC}.Debug|x86.ActiveCfg = Debug|Any CPU
		{82BC5C4C-D8EF-42CD-9B9F-1D3AA6A705FC}.Debug|x86.Build.0 = Debug|Any CPU
		{82BC5C4C-D8EF-42CD-9B9F-1D3AA6A705FC}.Release|Any CPU.ActiveCfg = Release|Any CPU
		{82BC5C4C-D8EF-42CD-9B9F-1D3AA6A705FC}.Release|Any CPU.Build.0 = Release|Any CPU
		{82BC5C4C-D8EF-42CD-9B9F-1D3AA6A705FC}.Release|x64.ActiveCfg = Release|Any CPU
		{82BC5C4C-D8EF-42CD-9B9F-1D3AA6A705FC}.Release|x64.Build.0 = Release|Any CPU
		{82BC5C4C-D8EF-42CD-9B9F-1D3AA6A705FC}.Release|x86.ActiveCfg = Release|Any CPU
		{82BC5C4C-D8EF-42CD-9B9F-1D3AA6A705FC}.Release|x86.Build.0 = Release|Any CPU
		{D565676E-1306-4E16-9827-B44BDC11C38E}.Debug|Any CPU.ActiveCfg = Debug|Any CPU
		{D565676E-1306-4E16-9827-B44BDC11C38E}.Debug|Any CPU.Build.0 = Debug|Any CPU
		{D565676E-1306-4E16-9827-B44BDC11C38E}.Debug|x64.ActiveCfg = Debug|Any CPU
		{D565676E-1306-4E16-9827-B44BDC11C38E}.Debug|x64.Build.0 = Debug|Any CPU
		{D565676E-1306-4E16-9827-B44BDC11C38E}.Debug|x86.ActiveCfg = Debug|Any CPU
		{D565676E-1306-4E16-9827-B44BDC11C38E}.Debug|x86.Build.0 = Debug|Any CPU
		{D565676E-1306-4E16-9827-B44BDC11C38E}.Release|Any CPU.ActiveCfg = Release|Any CPU
		{D565676E-1306-4E16-9827-B44BDC11C38E}.Release|Any CPU.Build.0 = Release|Any CPU
		{D565676E-1306-4E16-9827-B44BDC11C38E}.Release|x64.ActiveCfg = Release|Any CPU
		{D565676E-1306-4E16-9827-B44BDC11C38E}.Release|x64.Build.0 = Release|Any CPU
		{D565676E-1306-4E16-9827-B44BDC11C38E}.Release|x86.ActiveCfg = Release|Any CPU
		{D565676E-1306-4E16-9827-B44BDC11C38E}.Release|x86.Build.0 = Release|Any CPU
		{BBB6C63E-C16C-49F3-8900-A15145E74889}.Debug|Any CPU.ActiveCfg = Debug|Any CPU
		{BBB6C63E-C16C-49F3-8900-A15145E74889}.Debug|Any CPU.Build.0 = Debug|Any CPU
		{BBB6C63E-C16C-49F3-8900-A15145E74889}.Debug|x64.ActiveCfg = Debug|Any CPU
		{BBB6C63E-C16C-49F3-8900-A15145E74889}.Debug|x64.Build.0 = Debug|Any CPU
		{BBB6C63E-C16C-49F3-8900-A15145E74889}.Debug|x86.ActiveCfg = Debug|Any CPU
		{BBB6C63E-C16C-49F3-8900-A15145E74889}.Debug|x86.Build.0 = Debug|Any CPU
		{BBB6C63E-C16C-49F3-8900-A15145E74889}.Release|Any CPU.ActiveCfg = Release|Any CPU
		{BBB6C63E-C16C-49F3-8900-A15145E74889}.Release|Any CPU.Build.0 = Release|Any CPU
		{BBB6C63E-C16C-49F3-8900-A15145E74889}.Release|x64.ActiveCfg = Release|Any CPU
		{BBB6C63E-C16C-49F3-8900-A15145E74889}.Release|x64.Build.0 = Release|Any CPU
		{BBB6C63E-C16C-49F3-8900-A15145E74889}.Release|x86.ActiveCfg = Release|Any CPU
		{BBB6C63E-C16C-49F3-8900-A15145E74889}.Release|x86.Build.0 = Release|Any CPU
		{B0E625BE-DB9B-47BA-9563-0F39370ECBE2}.Debug|Any CPU.ActiveCfg = Debug|Any CPU
		{B0E625BE-DB9B-47BA-9563-0F39370ECBE2}.Debug|Any CPU.Build.0 = Debug|Any CPU
		{B0E625BE-DB9B-47BA-9563-0F39370ECBE2}.Debug|x64.ActiveCfg = Debug|Any CPU
		{B0E625BE-DB9B-47BA-9563-0F39370ECBE2}.Debug|x64.Build.0 = Debug|Any CPU
		{B0E625BE-DB9B-47BA-9563-0F39370ECBE2}.Debug|x86.ActiveCfg = Debug|Any CPU
		{B0E625BE-DB9B-47BA-9563-0F39370ECBE2}.Debug|x86.Build.0 = Debug|Any CPU
		{B0E625BE-DB9B-47BA-9563-0F39370ECBE2}.Release|Any CPU.ActiveCfg = Release|Any CPU
		{B0E625BE-DB9B-47BA-9563-0F39370ECBE2}.Release|Any CPU.Build.0 = Release|Any CPU
		{B0E625BE-DB9B-47BA-9563-0F39370ECBE2}.Release|x64.ActiveCfg = Release|Any CPU
		{B0E625BE-DB9B-47BA-9563-0F39370ECBE2}.Release|x64.Build.0 = Release|Any CPU
		{B0E625BE-DB9B-47BA-9563-0F39370ECBE2}.Release|x86.ActiveCfg = Release|Any CPU
		{B0E625BE-DB9B-47BA-9563-0F39370ECBE2}.Release|x86.Build.0 = Release|Any CPU
		{82955726-7EA3-4310-A869-C01B80CEF118}.Debug|Any CPU.ActiveCfg = Debug|Any CPU
		{82955726-7EA3-4310-A869-C01B80CEF118}.Debug|Any CPU.Build.0 = Debug|Any CPU
		{82955726-7EA3-4310-A869-C01B80CEF118}.Debug|x64.ActiveCfg = Debug|Any CPU
		{82955726-7EA3-4310-A869-C01B80CEF118}.Debug|x64.Build.0 = Debug|Any CPU
		{82955726-7EA3-4310-A869-C01B80CEF118}.Debug|x86.ActiveCfg = Debug|Any CPU
		{82955726-7EA3-4310-A869-C01B80CEF118}.Debug|x86.Build.0 = Debug|Any CPU
		{82955726-7EA3-4310-A869-C01B80CEF118}.Release|Any CPU.ActiveCfg = Release|Any CPU
		{82955726-7EA3-4310-A869-C01B80CEF118}.Release|Any CPU.Build.0 = Release|Any CPU
		{82955726-7EA3-4310-A869-C01B80CEF118}.Release|x64.ActiveCfg = Release|Any CPU
		{82955726-7EA3-4310-A869-C01B80CEF118}.Release|x64.Build.0 = Release|Any CPU
		{82955726-7EA3-4310-A869-C01B80CEF118}.Release|x86.ActiveCfg = Release|Any CPU
		{82955726-7EA3-4310-A869-C01B80CEF118}.Release|x86.Build.0 = Release|Any CPU
		{FC9ED3F3-5D30-481C-AD38-6813845082CC}.Debug|Any CPU.ActiveCfg = Debug|Any CPU
		{FC9ED3F3-5D30-481C-AD38-6813845082CC}.Debug|Any CPU.Build.0 = Debug|Any CPU
		{FC9ED3F3-5D30-481C-AD38-6813845082CC}.Debug|x64.ActiveCfg = Debug|Any CPU
		{FC9ED3F3-5D30-481C-AD38-6813845082CC}.Debug|x64.Build.0 = Debug|Any CPU
		{FC9ED3F3-5D30-481C-AD38-6813845082CC}.Debug|x86.ActiveCfg = Debug|Any CPU
		{FC9ED3F3-5D30-481C-AD38-6813845082CC}.Debug|x86.Build.0 = Debug|Any CPU
		{FC9ED3F3-5D30-481C-AD38-6813845082CC}.Release|Any CPU.ActiveCfg = Release|Any CPU
		{FC9ED3F3-5D30-481C-AD38-6813845082CC}.Release|Any CPU.Build.0 = Release|Any CPU
		{FC9ED3F3-5D30-481C-AD38-6813845082CC}.Release|x64.ActiveCfg = Release|Any CPU
		{FC9ED3F3-5D30-481C-AD38-6813845082CC}.Release|x64.Build.0 = Release|Any CPU
		{FC9ED3F3-5D30-481C-AD38-6813845082CC}.Release|x86.ActiveCfg = Release|Any CPU
		{FC9ED3F3-5D30-481C-AD38-6813845082CC}.Release|x86.Build.0 = Release|Any CPU
		{0E7C94DB-ED06-4465-B12E-6B4A2E9AB6F2}.Debug|Any CPU.ActiveCfg = Debug|Any CPU
		{0E7C94DB-ED06-4465-B12E-6B4A2E9AB6F2}.Debug|Any CPU.Build.0 = Debug|Any CPU
		{0E7C94DB-ED06-4465-B12E-6B4A2E9AB6F2}.Debug|x64.ActiveCfg = Debug|Any CPU
		{0E7C94DB-ED06-4465-B12E-6B4A2E9AB6F2}.Debug|x64.Build.0 = Debug|Any CPU
		{0E7C94DB-ED06-4465-B12E-6B4A2E9AB6F2}.Debug|x86.ActiveCfg = Debug|Any CPU
		{0E7C94DB-ED06-4465-B12E-6B4A2E9AB6F2}.Debug|x86.Build.0 = Debug|Any CPU
		{0E7C94DB-ED06-4465-B12E-6B4A2E9AB6F2}.Release|Any CPU.ActiveCfg = Release|Any CPU
		{0E7C94DB-ED06-4465-B12E-6B4A2E9AB6F2}.Release|Any CPU.Build.0 = Release|Any CPU
		{0E7C94DB-ED06-4465-B12E-6B4A2E9AB6F2}.Release|x64.ActiveCfg = Release|Any CPU
		{0E7C94DB-ED06-4465-B12E-6B4A2E9AB6F2}.Release|x64.Build.0 = Release|Any CPU
		{0E7C94DB-ED06-4465-B12E-6B4A2E9AB6F2}.Release|x86.ActiveCfg = Release|Any CPU
		{0E7C94DB-ED06-4465-B12E-6B4A2E9AB6F2}.Release|x86.Build.0 = Release|Any CPU
		{146C233C-A434-4842-962D-D086D3608F11}.Debug|Any CPU.ActiveCfg = Debug|Any CPU
		{146C233C-A434-4842-962D-D086D3608F11}.Debug|Any CPU.Build.0 = Debug|Any CPU
		{146C233C-A434-4842-962D-D086D3608F11}.Debug|x64.ActiveCfg = Debug|Any CPU
		{146C233C-A434-4842-962D-D086D3608F11}.Debug|x64.Build.0 = Debug|Any CPU
		{146C233C-A434-4842-962D-D086D3608F11}.Debug|x86.ActiveCfg = Debug|Any CPU
		{146C233C-A434-4842-962D-D086D3608F11}.Debug|x86.Build.0 = Debug|Any CPU
		{146C233C-A434-4842-962D-D086D3608F11}.Release|Any CPU.ActiveCfg = Release|Any CPU
		{146C233C-A434-4842-962D-D086D3608F11}.Release|Any CPU.Build.0 = Release|Any CPU
		{146C233C-A434-4842-962D-D086D3608F11}.Release|x64.ActiveCfg = Release|Any CPU
		{146C233C-A434-4842-962D-D086D3608F11}.Release|x64.Build.0 = Release|Any CPU
		{146C233C-A434-4842-962D-D086D3608F11}.Release|x86.ActiveCfg = Release|Any CPU
		{146C233C-A434-4842-962D-D086D3608F11}.Release|x86.Build.0 = Release|Any CPU
		{45DA3B63-3EC7-4B84-B73A-7225DE4EC54F}.Debug|Any CPU.ActiveCfg = Debug|Any CPU
		{45DA3B63-3EC7-4B84-B73A-7225DE4EC54F}.Debug|Any CPU.Build.0 = Debug|Any CPU
		{45DA3B63-3EC7-4B84-B73A-7225DE4EC54F}.Debug|x64.ActiveCfg = Debug|Any CPU
		{45DA3B63-3EC7-4B84-B73A-7225DE4EC54F}.Debug|x64.Build.0 = Debug|Any CPU
		{45DA3B63-3EC7-4B84-B73A-7225DE4EC54F}.Debug|x86.ActiveCfg = Debug|Any CPU
		{45DA3B63-3EC7-4B84-B73A-7225DE4EC54F}.Debug|x86.Build.0 = Debug|Any CPU
		{45DA3B63-3EC7-4B84-B73A-7225DE4EC54F}.Release|Any CPU.ActiveCfg = Release|Any CPU
		{45DA3B63-3EC7-4B84-B73A-7225DE4EC54F}.Release|Any CPU.Build.0 = Release|Any CPU
		{45DA3B63-3EC7-4B84-B73A-7225DE4EC54F}.Release|x64.ActiveCfg = Release|Any CPU
		{45DA3B63-3EC7-4B84-B73A-7225DE4EC54F}.Release|x64.Build.0 = Release|Any CPU
		{45DA3B63-3EC7-4B84-B73A-7225DE4EC54F}.Release|x86.ActiveCfg = Release|Any CPU
		{45DA3B63-3EC7-4B84-B73A-7225DE4EC54F}.Release|x86.Build.0 = Release|Any CPU
		{5FE836EB-2705-4AE5-B029-6EDD89A8D3E5}.Debug|Any CPU.ActiveCfg = Debug|Any CPU
		{5FE836EB-2705-4AE5-B029-6EDD89A8D3E5}.Debug|Any CPU.Build.0 = Debug|Any CPU
		{5FE836EB-2705-4AE5-B029-6EDD89A8D3E5}.Debug|x64.ActiveCfg = Debug|Any CPU
		{5FE836EB-2705-4AE5-B029-6EDD89A8D3E5}.Debug|x64.Build.0 = Debug|Any CPU
		{5FE836EB-2705-4AE5-B029-6EDD89A8D3E5}.Debug|x86.ActiveCfg = Debug|Any CPU
		{5FE836EB-2705-4AE5-B029-6EDD89A8D3E5}.Debug|x86.Build.0 = Debug|Any CPU
		{5FE836EB-2705-4AE5-B029-6EDD89A8D3E5}.Release|Any CPU.ActiveCfg = Release|Any CPU
		{5FE836EB-2705-4AE5-B029-6EDD89A8D3E5}.Release|Any CPU.Build.0 = Release|Any CPU
		{5FE836EB-2705-4AE5-B029-6EDD89A8D3E5}.Release|x64.ActiveCfg = Release|Any CPU
		{5FE836EB-2705-4AE5-B029-6EDD89A8D3E5}.Release|x64.Build.0 = Release|Any CPU
		{5FE836EB-2705-4AE5-B029-6EDD89A8D3E5}.Release|x86.ActiveCfg = Release|Any CPU
		{5FE836EB-2705-4AE5-B029-6EDD89A8D3E5}.Release|x86.Build.0 = Release|Any CPU
		{95956052-4ABC-4038-8F93-789DF64A9352}.Debug|Any CPU.ActiveCfg = Debug|Any CPU
		{95956052-4ABC-4038-8F93-789DF64A9352}.Debug|Any CPU.Build.0 = Debug|Any CPU
		{95956052-4ABC-4038-8F93-789DF64A9352}.Debug|x64.ActiveCfg = Debug|Any CPU
		{95956052-4ABC-4038-8F93-789DF64A9352}.Debug|x64.Build.0 = Debug|Any CPU
		{95956052-4ABC-4038-8F93-789DF64A9352}.Debug|x86.ActiveCfg = Debug|Any CPU
		{95956052-4ABC-4038-8F93-789DF64A9352}.Debug|x86.Build.0 = Debug|Any CPU
		{95956052-4ABC-4038-8F93-789DF64A9352}.Release|Any CPU.ActiveCfg = Release|Any CPU
		{95956052-4ABC-4038-8F93-789DF64A9352}.Release|Any CPU.Build.0 = Release|Any CPU
		{95956052-4ABC-4038-8F93-789DF64A9352}.Release|x64.ActiveCfg = Release|Any CPU
		{95956052-4ABC-4038-8F93-789DF64A9352}.Release|x64.Build.0 = Release|Any CPU
		{95956052-4ABC-4038-8F93-789DF64A9352}.Release|x86.ActiveCfg = Release|Any CPU
		{95956052-4ABC-4038-8F93-789DF64A9352}.Release|x86.Build.0 = Release|Any CPU
		{160420C7-417E-42ED-867A-56AE21958654}.Debug|Any CPU.ActiveCfg = Debug|Any CPU
		{160420C7-417E-42ED-867A-56AE21958654}.Debug|Any CPU.Build.0 = Debug|Any CPU
		{160420C7-417E-42ED-867A-56AE21958654}.Debug|x64.ActiveCfg = Debug|Any CPU
		{160420C7-417E-42ED-867A-56AE21958654}.Debug|x64.Build.0 = Debug|Any CPU
		{160420C7-417E-42ED-867A-56AE21958654}.Debug|x86.ActiveCfg = Debug|Any CPU
		{160420C7-417E-42ED-867A-56AE21958654}.Debug|x86.Build.0 = Debug|Any CPU
		{160420C7-417E-42ED-867A-56AE21958654}.Release|Any CPU.ActiveCfg = Release|Any CPU
		{160420C7-417E-42ED-867A-56AE21958654}.Release|Any CPU.Build.0 = Release|Any CPU
		{160420C7-417E-42ED-867A-56AE21958654}.Release|x64.ActiveCfg = Release|Any CPU
		{160420C7-417E-42ED-867A-56AE21958654}.Release|x64.Build.0 = Release|Any CPU
		{160420C7-417E-42ED-867A-56AE21958654}.Release|x86.ActiveCfg = Release|Any CPU
		{160420C7-417E-42ED-867A-56AE21958654}.Release|x86.Build.0 = Release|Any CPU
		{F91CD9F2-392A-4B59-BBD6-D95CD7054BCB}.Debug|Any CPU.ActiveCfg = Debug|Any CPU
		{F91CD9F2-392A-4B59-BBD6-D95CD7054BCB}.Debug|Any CPU.Build.0 = Debug|Any CPU
		{F91CD9F2-392A-4B59-BBD6-D95CD7054BCB}.Debug|x64.ActiveCfg = Debug|Any CPU
		{F91CD9F2-392A-4B59-BBD6-D95CD7054BCB}.Debug|x64.Build.0 = Debug|Any CPU
		{F91CD9F2-392A-4B59-BBD6-D95CD7054BCB}.Debug|x86.ActiveCfg = Debug|Any CPU
		{F91CD9F2-392A-4B59-BBD6-D95CD7054BCB}.Debug|x86.Build.0 = Debug|Any CPU
		{F91CD9F2-392A-4B59-BBD6-D95CD7054BCB}.Release|Any CPU.ActiveCfg = Release|Any CPU
		{F91CD9F2-392A-4B59-BBD6-D95CD7054BCB}.Release|Any CPU.Build.0 = Release|Any CPU
		{F91CD9F2-392A-4B59-BBD6-D95CD7054BCB}.Release|x64.ActiveCfg = Release|Any CPU
		{F91CD9F2-392A-4B59-BBD6-D95CD7054BCB}.Release|x64.Build.0 = Release|Any CPU
		{F91CD9F2-392A-4B59-BBD6-D95CD7054BCB}.Release|x86.ActiveCfg = Release|Any CPU
		{F91CD9F2-392A-4B59-BBD6-D95CD7054BCB}.Release|x86.Build.0 = Release|Any CPU
		{6ADBD00B-75AB-4231-B5F3-56904B24D610}.Debug|Any CPU.ActiveCfg = Debug|Any CPU
		{6ADBD00B-75AB-4231-B5F3-56904B24D610}.Debug|Any CPU.Build.0 = Debug|Any CPU
		{6ADBD00B-75AB-4231-B5F3-56904B24D610}.Debug|x64.ActiveCfg = Debug|Any CPU
		{6ADBD00B-75AB-4231-B5F3-56904B24D610}.Debug|x64.Build.0 = Debug|Any CPU
		{6ADBD00B-75AB-4231-B5F3-56904B24D610}.Debug|x86.ActiveCfg = Debug|Any CPU
		{6ADBD00B-75AB-4231-B5F3-56904B24D610}.Debug|x86.Build.0 = Debug|Any CPU
		{6ADBD00B-75AB-4231-B5F3-56904B24D610}.Release|Any CPU.ActiveCfg = Release|Any CPU
		{6ADBD00B-75AB-4231-B5F3-56904B24D610}.Release|Any CPU.Build.0 = Release|Any CPU
		{6ADBD00B-75AB-4231-B5F3-56904B24D610}.Release|x64.ActiveCfg = Release|Any CPU
		{6ADBD00B-75AB-4231-B5F3-56904B24D610}.Release|x64.Build.0 = Release|Any CPU
		{6ADBD00B-75AB-4231-B5F3-56904B24D610}.Release|x86.ActiveCfg = Release|Any CPU
		{6ADBD00B-75AB-4231-B5F3-56904B24D610}.Release|x86.Build.0 = Release|Any CPU
		{9A7E10C2-3FEF-4E9B-BB01-573D09B0F83F}.Debug|Any CPU.ActiveCfg = Debug|Any CPU
		{9A7E10C2-3FEF-4E9B-BB01-573D09B0F83F}.Debug|Any CPU.Build.0 = Debug|Any CPU
		{9A7E10C2-3FEF-4E9B-BB01-573D09B0F83F}.Debug|x64.ActiveCfg = Debug|Any CPU
		{9A7E10C2-3FEF-4E9B-BB01-573D09B0F83F}.Debug|x64.Build.0 = Debug|Any CPU
		{9A7E10C2-3FEF-4E9B-BB01-573D09B0F83F}.Debug|x86.ActiveCfg = Debug|Any CPU
		{9A7E10C2-3FEF-4E9B-BB01-573D09B0F83F}.Debug|x86.Build.0 = Debug|Any CPU
		{9A7E10C2-3FEF-4E9B-BB01-573D09B0F83F}.Release|Any CPU.ActiveCfg = Release|Any CPU
		{9A7E10C2-3FEF-4E9B-BB01-573D09B0F83F}.Release|Any CPU.Build.0 = Release|Any CPU
		{9A7E10C2-3FEF-4E9B-BB01-573D09B0F83F}.Release|x64.ActiveCfg = Release|Any CPU
		{9A7E10C2-3FEF-4E9B-BB01-573D09B0F83F}.Release|x64.Build.0 = Release|Any CPU
		{9A7E10C2-3FEF-4E9B-BB01-573D09B0F83F}.Release|x86.ActiveCfg = Release|Any CPU
		{9A7E10C2-3FEF-4E9B-BB01-573D09B0F83F}.Release|x86.Build.0 = Release|Any CPU
		{A310D70E-B820-47F9-8ED0-DBAAF87DB12E}.Debug|Any CPU.ActiveCfg = Debug|Any CPU
		{A310D70E-B820-47F9-8ED0-DBAAF87DB12E}.Debug|Any CPU.Build.0 = Debug|Any CPU
		{A310D70E-B820-47F9-8ED0-DBAAF87DB12E}.Debug|x64.ActiveCfg = Debug|Any CPU
		{A310D70E-B820-47F9-8ED0-DBAAF87DB12E}.Debug|x64.Build.0 = Debug|Any CPU
		{A310D70E-B820-47F9-8ED0-DBAAF87DB12E}.Debug|x86.ActiveCfg = Debug|Any CPU
		{A310D70E-B820-47F9-8ED0-DBAAF87DB12E}.Debug|x86.Build.0 = Debug|Any CPU
		{A310D70E-B820-47F9-8ED0-DBAAF87DB12E}.Release|Any CPU.ActiveCfg = Release|Any CPU
		{A310D70E-B820-47F9-8ED0-DBAAF87DB12E}.Release|Any CPU.Build.0 = Release|Any CPU
		{A310D70E-B820-47F9-8ED0-DBAAF87DB12E}.Release|x64.ActiveCfg = Release|Any CPU
		{A310D70E-B820-47F9-8ED0-DBAAF87DB12E}.Release|x64.Build.0 = Release|Any CPU
		{A310D70E-B820-47F9-8ED0-DBAAF87DB12E}.Release|x86.ActiveCfg = Release|Any CPU
		{A310D70E-B820-47F9-8ED0-DBAAF87DB12E}.Release|x86.Build.0 = Release|Any CPU
		{A06FD4AE-8321-43BC-B404-FD8A85171B6E}.Debug|Any CPU.ActiveCfg = Debug|Any CPU
		{A06FD4AE-8321-43BC-B404-FD8A85171B6E}.Debug|Any CPU.Build.0 = Debug|Any CPU
		{A06FD4AE-8321-43BC-B404-FD8A85171B6E}.Debug|x64.ActiveCfg = Debug|Any CPU
		{A06FD4AE-8321-43BC-B404-FD8A85171B6E}.Debug|x64.Build.0 = Debug|Any CPU
		{A06FD4AE-8321-43BC-B404-FD8A85171B6E}.Debug|x86.ActiveCfg = Debug|Any CPU
		{A06FD4AE-8321-43BC-B404-FD8A85171B6E}.Debug|x86.Build.0 = Debug|Any CPU
		{A06FD4AE-8321-43BC-B404-FD8A85171B6E}.Release|Any CPU.ActiveCfg = Release|Any CPU
		{A06FD4AE-8321-43BC-B404-FD8A85171B6E}.Release|Any CPU.Build.0 = Release|Any CPU
		{A06FD4AE-8321-43BC-B404-FD8A85171B6E}.Release|x64.ActiveCfg = Release|Any CPU
		{A06FD4AE-8321-43BC-B404-FD8A85171B6E}.Release|x64.Build.0 = Release|Any CPU
		{A06FD4AE-8321-43BC-B404-FD8A85171B6E}.Release|x86.ActiveCfg = Release|Any CPU
		{A06FD4AE-8321-43BC-B404-FD8A85171B6E}.Release|x86.Build.0 = Release|Any CPU
		{FF047990-9D39-4167-8AC5-7B5DC277E759}.Debug|Any CPU.ActiveCfg = Debug|Any CPU
		{FF047990-9D39-4167-8AC5-7B5DC277E759}.Debug|Any CPU.Build.0 = Debug|Any CPU
		{FF047990-9D39-4167-8AC5-7B5DC277E759}.Debug|x64.ActiveCfg = Debug|Any CPU
		{FF047990-9D39-4167-8AC5-7B5DC277E759}.Debug|x64.Build.0 = Debug|Any CPU
		{FF047990-9D39-4167-8AC5-7B5DC277E759}.Debug|x86.ActiveCfg = Debug|Any CPU
		{FF047990-9D39-4167-8AC5-7B5DC277E759}.Debug|x86.Build.0 = Debug|Any CPU
		{FF047990-9D39-4167-8AC5-7B5DC277E759}.Release|Any CPU.ActiveCfg = Release|Any CPU
		{FF047990-9D39-4167-8AC5-7B5DC277E759}.Release|Any CPU.Build.0 = Release|Any CPU
		{FF047990-9D39-4167-8AC5-7B5DC277E759}.Release|x64.ActiveCfg = Release|Any CPU
		{FF047990-9D39-4167-8AC5-7B5DC277E759}.Release|x64.Build.0 = Release|Any CPU
		{FF047990-9D39-4167-8AC5-7B5DC277E759}.Release|x86.ActiveCfg = Release|Any CPU
		{FF047990-9D39-4167-8AC5-7B5DC277E759}.Release|x86.Build.0 = Release|Any CPU
		{F1F940F6-981C-4B0C-9E4B-BB6EF320D6C1}.Debug|Any CPU.ActiveCfg = Debug|Any CPU
		{F1F940F6-981C-4B0C-9E4B-BB6EF320D6C1}.Debug|Any CPU.Build.0 = Debug|Any CPU
		{F1F940F6-981C-4B0C-9E4B-BB6EF320D6C1}.Debug|x64.ActiveCfg = Debug|Any CPU
		{F1F940F6-981C-4B0C-9E4B-BB6EF320D6C1}.Debug|x64.Build.0 = Debug|Any CPU
		{F1F940F6-981C-4B0C-9E4B-BB6EF320D6C1}.Debug|x86.ActiveCfg = Debug|Any CPU
		{F1F940F6-981C-4B0C-9E4B-BB6EF320D6C1}.Debug|x86.Build.0 = Debug|Any CPU
		{F1F940F6-981C-4B0C-9E4B-BB6EF320D6C1}.Release|Any CPU.ActiveCfg = Release|Any CPU
		{F1F940F6-981C-4B0C-9E4B-BB6EF320D6C1}.Release|Any CPU.Build.0 = Release|Any CPU
		{F1F940F6-981C-4B0C-9E4B-BB6EF320D6C1}.Release|x64.ActiveCfg = Release|Any CPU
		{F1F940F6-981C-4B0C-9E4B-BB6EF320D6C1}.Release|x64.Build.0 = Release|Any CPU
		{F1F940F6-981C-4B0C-9E4B-BB6EF320D6C1}.Release|x86.ActiveCfg = Release|Any CPU
		{F1F940F6-981C-4B0C-9E4B-BB6EF320D6C1}.Release|x86.Build.0 = Release|Any CPU
		{7C0C106F-0CEC-4248-8AC0-9C337F6C0920}.Debug|Any CPU.ActiveCfg = Debug|Any CPU
		{7C0C106F-0CEC-4248-8AC0-9C337F6C0920}.Debug|Any CPU.Build.0 = Debug|Any CPU
		{7C0C106F-0CEC-4248-8AC0-9C337F6C0920}.Debug|x64.ActiveCfg = Debug|Any CPU
		{7C0C106F-0CEC-4248-8AC0-9C337F6C0920}.Debug|x64.Build.0 = Debug|Any CPU
		{7C0C106F-0CEC-4248-8AC0-9C337F6C0920}.Debug|x86.ActiveCfg = Debug|Any CPU
		{7C0C106F-0CEC-4248-8AC0-9C337F6C0920}.Debug|x86.Build.0 = Debug|Any CPU
		{7C0C106F-0CEC-4248-8AC0-9C337F6C0920}.Release|Any CPU.ActiveCfg = Release|Any CPU
		{7C0C106F-0CEC-4248-8AC0-9C337F6C0920}.Release|Any CPU.Build.0 = Release|Any CPU
		{7C0C106F-0CEC-4248-8AC0-9C337F6C0920}.Release|x64.ActiveCfg = Release|Any CPU
		{7C0C106F-0CEC-4248-8AC0-9C337F6C0920}.Release|x64.Build.0 = Release|Any CPU
		{7C0C106F-0CEC-4248-8AC0-9C337F6C0920}.Release|x86.ActiveCfg = Release|Any CPU
		{7C0C106F-0CEC-4248-8AC0-9C337F6C0920}.Release|x86.Build.0 = Release|Any CPU
		{FFF13C04-C7B8-4055-9D33-D1FC0AE97FAF}.Debug|Any CPU.ActiveCfg = Debug|Any CPU
		{FFF13C04-C7B8-4055-9D33-D1FC0AE97FAF}.Debug|Any CPU.Build.0 = Debug|Any CPU
		{FFF13C04-C7B8-4055-9D33-D1FC0AE97FAF}.Debug|x64.ActiveCfg = Debug|Any CPU
		{FFF13C04-C7B8-4055-9D33-D1FC0AE97FAF}.Debug|x64.Build.0 = Debug|Any CPU
		{FFF13C04-C7B8-4055-9D33-D1FC0AE97FAF}.Debug|x86.ActiveCfg = Debug|Any CPU
		{FFF13C04-C7B8-4055-9D33-D1FC0AE97FAF}.Debug|x86.Build.0 = Debug|Any CPU
		{FFF13C04-C7B8-4055-9D33-D1FC0AE97FAF}.Release|Any CPU.ActiveCfg = Release|Any CPU
		{FFF13C04-C7B8-4055-9D33-D1FC0AE97FAF}.Release|Any CPU.Build.0 = Release|Any CPU
		{FFF13C04-C7B8-4055-9D33-D1FC0AE97FAF}.Release|x64.ActiveCfg = Release|Any CPU
		{FFF13C04-C7B8-4055-9D33-D1FC0AE97FAF}.Release|x64.Build.0 = Release|Any CPU
		{FFF13C04-C7B8-4055-9D33-D1FC0AE97FAF}.Release|x86.ActiveCfg = Release|Any CPU
		{FFF13C04-C7B8-4055-9D33-D1FC0AE97FAF}.Release|x86.Build.0 = Release|Any CPU
		{67D8A243-B6A1-44B7-AF1F-07246DABB005}.Debug|Any CPU.ActiveCfg = Debug|Any CPU
		{67D8A243-B6A1-44B7-AF1F-07246DABB005}.Debug|Any CPU.Build.0 = Debug|Any CPU
		{67D8A243-B6A1-44B7-AF1F-07246DABB005}.Debug|x64.ActiveCfg = Debug|Any CPU
		{67D8A243-B6A1-44B7-AF1F-07246DABB005}.Debug|x64.Build.0 = Debug|Any CPU
		{67D8A243-B6A1-44B7-AF1F-07246DABB005}.Debug|x86.ActiveCfg = Debug|Any CPU
		{67D8A243-B6A1-44B7-AF1F-07246DABB005}.Debug|x86.Build.0 = Debug|Any CPU
		{67D8A243-B6A1-44B7-AF1F-07246DABB005}.Release|Any CPU.ActiveCfg = Release|Any CPU
		{67D8A243-B6A1-44B7-AF1F-07246DABB005}.Release|Any CPU.Build.0 = Release|Any CPU
		{67D8A243-B6A1-44B7-AF1F-07246DABB005}.Release|x64.ActiveCfg = Release|Any CPU
		{67D8A243-B6A1-44B7-AF1F-07246DABB005}.Release|x64.Build.0 = Release|Any CPU
		{67D8A243-B6A1-44B7-AF1F-07246DABB005}.Release|x86.ActiveCfg = Release|Any CPU
		{67D8A243-B6A1-44B7-AF1F-07246DABB005}.Release|x86.Build.0 = Release|Any CPU
		{540CD71A-3A16-42F3-AE8D-5AA9D16136E8}.Debug|Any CPU.ActiveCfg = Debug|Any CPU
		{540CD71A-3A16-42F3-AE8D-5AA9D16136E8}.Debug|Any CPU.Build.0 = Debug|Any CPU
		{540CD71A-3A16-42F3-AE8D-5AA9D16136E8}.Debug|x64.ActiveCfg = Debug|Any CPU
		{540CD71A-3A16-42F3-AE8D-5AA9D16136E8}.Debug|x64.Build.0 = Debug|Any CPU
		{540CD71A-3A16-42F3-AE8D-5AA9D16136E8}.Debug|x86.ActiveCfg = Debug|Any CPU
		{540CD71A-3A16-42F3-AE8D-5AA9D16136E8}.Debug|x86.Build.0 = Debug|Any CPU
		{540CD71A-3A16-42F3-AE8D-5AA9D16136E8}.Release|Any CPU.ActiveCfg = Release|Any CPU
		{540CD71A-3A16-42F3-AE8D-5AA9D16136E8}.Release|Any CPU.Build.0 = Release|Any CPU
		{540CD71A-3A16-42F3-AE8D-5AA9D16136E8}.Release|x64.ActiveCfg = Release|Any CPU
		{540CD71A-3A16-42F3-AE8D-5AA9D16136E8}.Release|x64.Build.0 = Release|Any CPU
		{540CD71A-3A16-42F3-AE8D-5AA9D16136E8}.Release|x86.ActiveCfg = Release|Any CPU
		{540CD71A-3A16-42F3-AE8D-5AA9D16136E8}.Release|x86.Build.0 = Release|Any CPU
		{35223CE5-18B6-41B9-8C07-D5D3C1F3E257}.Debug|Any CPU.ActiveCfg = Debug|Any CPU
		{35223CE5-18B6-41B9-8C07-D5D3C1F3E257}.Debug|Any CPU.Build.0 = Debug|Any CPU
		{35223CE5-18B6-41B9-8C07-D5D3C1F3E257}.Debug|x64.ActiveCfg = Debug|Any CPU
		{35223CE5-18B6-41B9-8C07-D5D3C1F3E257}.Debug|x64.Build.0 = Debug|Any CPU
		{35223CE5-18B6-41B9-8C07-D5D3C1F3E257}.Debug|x86.ActiveCfg = Debug|Any CPU
		{35223CE5-18B6-41B9-8C07-D5D3C1F3E257}.Debug|x86.Build.0 = Debug|Any CPU
		{35223CE5-18B6-41B9-8C07-D5D3C1F3E257}.Release|Any CPU.ActiveCfg = Release|Any CPU
		{35223CE5-18B6-41B9-8C07-D5D3C1F3E257}.Release|Any CPU.Build.0 = Release|Any CPU
		{35223CE5-18B6-41B9-8C07-D5D3C1F3E257}.Release|x64.ActiveCfg = Release|Any CPU
		{35223CE5-18B6-41B9-8C07-D5D3C1F3E257}.Release|x64.Build.0 = Release|Any CPU
		{35223CE5-18B6-41B9-8C07-D5D3C1F3E257}.Release|x86.ActiveCfg = Release|Any CPU
		{35223CE5-18B6-41B9-8C07-D5D3C1F3E257}.Release|x86.Build.0 = Release|Any CPU
		{9B256223-BD7E-45A7-BFCD-E3E5D6160ECA}.Debug|Any CPU.ActiveCfg = Debug|Any CPU
		{9B256223-BD7E-45A7-BFCD-E3E5D6160ECA}.Debug|Any CPU.Build.0 = Debug|Any CPU
		{9B256223-BD7E-45A7-BFCD-E3E5D6160ECA}.Debug|x64.ActiveCfg = Debug|Any CPU
		{9B256223-BD7E-45A7-BFCD-E3E5D6160ECA}.Debug|x64.Build.0 = Debug|Any CPU
		{9B256223-BD7E-45A7-BFCD-E3E5D6160ECA}.Debug|x86.ActiveCfg = Debug|Any CPU
		{9B256223-BD7E-45A7-BFCD-E3E5D6160ECA}.Debug|x86.Build.0 = Debug|Any CPU
		{9B256223-BD7E-45A7-BFCD-E3E5D6160ECA}.Release|Any CPU.ActiveCfg = Release|Any CPU
		{9B256223-BD7E-45A7-BFCD-E3E5D6160ECA}.Release|Any CPU.Build.0 = Release|Any CPU
		{9B256223-BD7E-45A7-BFCD-E3E5D6160ECA}.Release|x64.ActiveCfg = Release|Any CPU
		{9B256223-BD7E-45A7-BFCD-E3E5D6160ECA}.Release|x64.Build.0 = Release|Any CPU
		{9B256223-BD7E-45A7-BFCD-E3E5D6160ECA}.Release|x86.ActiveCfg = Release|Any CPU
		{9B256223-BD7E-45A7-BFCD-E3E5D6160ECA}.Release|x86.Build.0 = Release|Any CPU
		{84257AB1-9073-4D70-94AA-DED00170C21B}.Debug|Any CPU.ActiveCfg = Debug|Any CPU
		{84257AB1-9073-4D70-94AA-DED00170C21B}.Debug|Any CPU.Build.0 = Debug|Any CPU
		{84257AB1-9073-4D70-94AA-DED00170C21B}.Debug|x64.ActiveCfg = Debug|Any CPU
		{84257AB1-9073-4D70-94AA-DED00170C21B}.Debug|x64.Build.0 = Debug|Any CPU
		{84257AB1-9073-4D70-94AA-DED00170C21B}.Debug|x86.ActiveCfg = Debug|Any CPU
		{84257AB1-9073-4D70-94AA-DED00170C21B}.Debug|x86.Build.0 = Debug|Any CPU
		{84257AB1-9073-4D70-94AA-DED00170C21B}.Release|Any CPU.ActiveCfg = Release|Any CPU
		{84257AB1-9073-4D70-94AA-DED00170C21B}.Release|Any CPU.Build.0 = Release|Any CPU
		{84257AB1-9073-4D70-94AA-DED00170C21B}.Release|x64.ActiveCfg = Release|Any CPU
		{84257AB1-9073-4D70-94AA-DED00170C21B}.Release|x64.Build.0 = Release|Any CPU
		{84257AB1-9073-4D70-94AA-DED00170C21B}.Release|x86.ActiveCfg = Release|Any CPU
		{84257AB1-9073-4D70-94AA-DED00170C21B}.Release|x86.Build.0 = Release|Any CPU
		{2E0DE4AF-1E80-451D-B2B7-800C9A7619D1}.Debug|Any CPU.ActiveCfg = Debug|Any CPU
		{2E0DE4AF-1E80-451D-B2B7-800C9A7619D1}.Debug|Any CPU.Build.0 = Debug|Any CPU
		{2E0DE4AF-1E80-451D-B2B7-800C9A7619D1}.Debug|x64.ActiveCfg = Debug|Any CPU
		{2E0DE4AF-1E80-451D-B2B7-800C9A7619D1}.Debug|x64.Build.0 = Debug|Any CPU
		{2E0DE4AF-1E80-451D-B2B7-800C9A7619D1}.Debug|x86.ActiveCfg = Debug|Any CPU
		{2E0DE4AF-1E80-451D-B2B7-800C9A7619D1}.Debug|x86.Build.0 = Debug|Any CPU
		{2E0DE4AF-1E80-451D-B2B7-800C9A7619D1}.Release|Any CPU.ActiveCfg = Release|Any CPU
		{2E0DE4AF-1E80-451D-B2B7-800C9A7619D1}.Release|Any CPU.Build.0 = Release|Any CPU
		{2E0DE4AF-1E80-451D-B2B7-800C9A7619D1}.Release|x64.ActiveCfg = Release|Any CPU
		{2E0DE4AF-1E80-451D-B2B7-800C9A7619D1}.Release|x64.Build.0 = Release|Any CPU
		{2E0DE4AF-1E80-451D-B2B7-800C9A7619D1}.Release|x86.ActiveCfg = Release|Any CPU
		{2E0DE4AF-1E80-451D-B2B7-800C9A7619D1}.Release|x86.Build.0 = Release|Any CPU
		{C650AC8F-5488-4E51-8AD2-F24FA56317B0}.Debug|Any CPU.ActiveCfg = Debug|Any CPU
		{C650AC8F-5488-4E51-8AD2-F24FA56317B0}.Debug|Any CPU.Build.0 = Debug|Any CPU
		{C650AC8F-5488-4E51-8AD2-F24FA56317B0}.Debug|x64.ActiveCfg = Debug|Any CPU
		{C650AC8F-5488-4E51-8AD2-F24FA56317B0}.Debug|x64.Build.0 = Debug|Any CPU
		{C650AC8F-5488-4E51-8AD2-F24FA56317B0}.Debug|x86.ActiveCfg = Debug|Any CPU
		{C650AC8F-5488-4E51-8AD2-F24FA56317B0}.Debug|x86.Build.0 = Debug|Any CPU
		{C650AC8F-5488-4E51-8AD2-F24FA56317B0}.Release|Any CPU.ActiveCfg = Release|Any CPU
		{C650AC8F-5488-4E51-8AD2-F24FA56317B0}.Release|Any CPU.Build.0 = Release|Any CPU
		{C650AC8F-5488-4E51-8AD2-F24FA56317B0}.Release|x64.ActiveCfg = Release|Any CPU
		{C650AC8F-5488-4E51-8AD2-F24FA56317B0}.Release|x64.Build.0 = Release|Any CPU
		{C650AC8F-5488-4E51-8AD2-F24FA56317B0}.Release|x86.ActiveCfg = Release|Any CPU
		{C650AC8F-5488-4E51-8AD2-F24FA56317B0}.Release|x86.Build.0 = Release|Any CPU
		{D95E3E7E-8615-432C-AED2-AFF05D330A72}.Debug|Any CPU.ActiveCfg = Debug|Any CPU
		{D95E3E7E-8615-432C-AED2-AFF05D330A72}.Debug|Any CPU.Build.0 = Debug|Any CPU
		{D95E3E7E-8615-432C-AED2-AFF05D330A72}.Debug|x64.ActiveCfg = Debug|Any CPU
		{D95E3E7E-8615-432C-AED2-AFF05D330A72}.Debug|x64.Build.0 = Debug|Any CPU
		{D95E3E7E-8615-432C-AED2-AFF05D330A72}.Debug|x86.ActiveCfg = Debug|Any CPU
		{D95E3E7E-8615-432C-AED2-AFF05D330A72}.Debug|x86.Build.0 = Debug|Any CPU
		{D95E3E7E-8615-432C-AED2-AFF05D330A72}.Release|Any CPU.ActiveCfg = Release|Any CPU
		{D95E3E7E-8615-432C-AED2-AFF05D330A72}.Release|Any CPU.Build.0 = Release|Any CPU
		{D95E3E7E-8615-432C-AED2-AFF05D330A72}.Release|x64.ActiveCfg = Release|Any CPU
		{D95E3E7E-8615-432C-AED2-AFF05D330A72}.Release|x64.Build.0 = Release|Any CPU
		{D95E3E7E-8615-432C-AED2-AFF05D330A72}.Release|x86.ActiveCfg = Release|Any CPU
		{D95E3E7E-8615-432C-AED2-AFF05D330A72}.Release|x86.Build.0 = Release|Any CPU
		{DAF40383-4631-4533-8E08-D03D8CEC9BD0}.Debug|Any CPU.ActiveCfg = Debug|Any CPU
		{DAF40383-4631-4533-8E08-D03D8CEC9BD0}.Debug|Any CPU.Build.0 = Debug|Any CPU
		{DAF40383-4631-4533-8E08-D03D8CEC9BD0}.Debug|x64.ActiveCfg = Debug|Any CPU
		{DAF40383-4631-4533-8E08-D03D8CEC9BD0}.Debug|x64.Build.0 = Debug|Any CPU
		{DAF40383-4631-4533-8E08-D03D8CEC9BD0}.Debug|x86.ActiveCfg = Debug|Any CPU
		{DAF40383-4631-4533-8E08-D03D8CEC9BD0}.Debug|x86.Build.0 = Debug|Any CPU
		{DAF40383-4631-4533-8E08-D03D8CEC9BD0}.Release|Any CPU.ActiveCfg = Release|Any CPU
		{DAF40383-4631-4533-8E08-D03D8CEC9BD0}.Release|Any CPU.Build.0 = Release|Any CPU
		{DAF40383-4631-4533-8E08-D03D8CEC9BD0}.Release|x64.ActiveCfg = Release|Any CPU
		{DAF40383-4631-4533-8E08-D03D8CEC9BD0}.Release|x64.Build.0 = Release|Any CPU
		{DAF40383-4631-4533-8E08-D03D8CEC9BD0}.Release|x86.ActiveCfg = Release|Any CPU
		{DAF40383-4631-4533-8E08-D03D8CEC9BD0}.Release|x86.Build.0 = Release|Any CPU
		{590C1DFD-60A5-4A45-AC25-5B72A8BF56AE}.Debug|Any CPU.ActiveCfg = Debug|Any CPU
		{590C1DFD-60A5-4A45-AC25-5B72A8BF56AE}.Debug|Any CPU.Build.0 = Debug|Any CPU
		{590C1DFD-60A5-4A45-AC25-5B72A8BF56AE}.Debug|x64.ActiveCfg = Debug|Any CPU
		{590C1DFD-60A5-4A45-AC25-5B72A8BF56AE}.Debug|x64.Build.0 = Debug|Any CPU
		{590C1DFD-60A5-4A45-AC25-5B72A8BF56AE}.Debug|x86.ActiveCfg = Debug|Any CPU
		{590C1DFD-60A5-4A45-AC25-5B72A8BF56AE}.Debug|x86.Build.0 = Debug|Any CPU
		{590C1DFD-60A5-4A45-AC25-5B72A8BF56AE}.Release|Any CPU.ActiveCfg = Release|Any CPU
		{590C1DFD-60A5-4A45-AC25-5B72A8BF56AE}.Release|Any CPU.Build.0 = Release|Any CPU
		{590C1DFD-60A5-4A45-AC25-5B72A8BF56AE}.Release|x64.ActiveCfg = Release|Any CPU
		{590C1DFD-60A5-4A45-AC25-5B72A8BF56AE}.Release|x64.Build.0 = Release|Any CPU
		{590C1DFD-60A5-4A45-AC25-5B72A8BF56AE}.Release|x86.ActiveCfg = Release|Any CPU
		{590C1DFD-60A5-4A45-AC25-5B72A8BF56AE}.Release|x86.Build.0 = Release|Any CPU
		{44C86195-A7B0-40A4-AD1C-83EFA5F9C321}.Debug|Any CPU.ActiveCfg = Debug|Any CPU
		{44C86195-A7B0-40A4-AD1C-83EFA5F9C321}.Debug|Any CPU.Build.0 = Debug|Any CPU
		{44C86195-A7B0-40A4-AD1C-83EFA5F9C321}.Debug|x64.ActiveCfg = Debug|Any CPU
		{44C86195-A7B0-40A4-AD1C-83EFA5F9C321}.Debug|x64.Build.0 = Debug|Any CPU
		{44C86195-A7B0-40A4-AD1C-83EFA5F9C321}.Debug|x86.ActiveCfg = Debug|Any CPU
		{44C86195-A7B0-40A4-AD1C-83EFA5F9C321}.Debug|x86.Build.0 = Debug|Any CPU
		{44C86195-A7B0-40A4-AD1C-83EFA5F9C321}.Release|Any CPU.ActiveCfg = Release|Any CPU
		{44C86195-A7B0-40A4-AD1C-83EFA5F9C321}.Release|Any CPU.Build.0 = Release|Any CPU
		{44C86195-A7B0-40A4-AD1C-83EFA5F9C321}.Release|x64.ActiveCfg = Release|Any CPU
		{44C86195-A7B0-40A4-AD1C-83EFA5F9C321}.Release|x64.Build.0 = Release|Any CPU
		{44C86195-A7B0-40A4-AD1C-83EFA5F9C321}.Release|x86.ActiveCfg = Release|Any CPU
		{44C86195-A7B0-40A4-AD1C-83EFA5F9C321}.Release|x86.Build.0 = Release|Any CPU
		{BC6E2F01-036D-4C4F-9DA9-8352DD9C6AB4}.Debug|Any CPU.ActiveCfg = Debug|Any CPU
		{BC6E2F01-036D-4C4F-9DA9-8352DD9C6AB4}.Debug|Any CPU.Build.0 = Debug|Any CPU
		{BC6E2F01-036D-4C4F-9DA9-8352DD9C6AB4}.Debug|x64.ActiveCfg = Debug|Any CPU
		{BC6E2F01-036D-4C4F-9DA9-8352DD9C6AB4}.Debug|x64.Build.0 = Debug|Any CPU
		{BC6E2F01-036D-4C4F-9DA9-8352DD9C6AB4}.Debug|x86.ActiveCfg = Debug|Any CPU
		{BC6E2F01-036D-4C4F-9DA9-8352DD9C6AB4}.Debug|x86.Build.0 = Debug|Any CPU
		{BC6E2F01-036D-4C4F-9DA9-8352DD9C6AB4}.Release|Any CPU.ActiveCfg = Release|Any CPU
		{BC6E2F01-036D-4C4F-9DA9-8352DD9C6AB4}.Release|Any CPU.Build.0 = Release|Any CPU
		{BC6E2F01-036D-4C4F-9DA9-8352DD9C6AB4}.Release|x64.ActiveCfg = Release|Any CPU
		{BC6E2F01-036D-4C4F-9DA9-8352DD9C6AB4}.Release|x64.Build.0 = Release|Any CPU
		{BC6E2F01-036D-4C4F-9DA9-8352DD9C6AB4}.Release|x86.ActiveCfg = Release|Any CPU
		{BC6E2F01-036D-4C4F-9DA9-8352DD9C6AB4}.Release|x86.Build.0 = Release|Any CPU
	EndGlobalSection
	GlobalSection(SolutionProperties) = preSolution
		HideSolutionNode = FALSE
	EndGlobalSection
	GlobalSection(NestedProjects) = preSolution
		{90298CBA-BD6F-3A0A-69D5-97CAD7B05E7E} = {827E0CD3-B72D-47B6-A68D-7590B98EB39B}
		{82BC5C4C-D8EF-42CD-9B9F-1D3AA6A705FC} = {90298CBA-BD6F-3A0A-69D5-97CAD7B05E7E}
		{D565676E-1306-4E16-9827-B44BDC11C38E} = {90298CBA-BD6F-3A0A-69D5-97CAD7B05E7E}
		{BBB6C63E-C16C-49F3-8900-A15145E74889} = {90298CBA-BD6F-3A0A-69D5-97CAD7B05E7E}
		{B0E625BE-DB9B-47BA-9563-0F39370ECBE2} = {90298CBA-BD6F-3A0A-69D5-97CAD7B05E7E}
		{82955726-7EA3-4310-A869-C01B80CEF118} = {90298CBA-BD6F-3A0A-69D5-97CAD7B05E7E}
		{FC9ED3F3-5D30-481C-AD38-6813845082CC} = {90298CBA-BD6F-3A0A-69D5-97CAD7B05E7E}
		{0E7C94DB-ED06-4465-B12E-6B4A2E9AB6F2} = {90298CBA-BD6F-3A0A-69D5-97CAD7B05E7E}
		{146C233C-A434-4842-962D-D086D3608F11} = {90298CBA-BD6F-3A0A-69D5-97CAD7B05E7E}
		{45DA3B63-3EC7-4B84-B73A-7225DE4EC54F} = {90298CBA-BD6F-3A0A-69D5-97CAD7B05E7E}
		{5FE836EB-2705-4AE5-B029-6EDD89A8D3E5} = {90298CBA-BD6F-3A0A-69D5-97CAD7B05E7E}
		{95956052-4ABC-4038-8F93-789DF64A9352} = {90298CBA-BD6F-3A0A-69D5-97CAD7B05E7E}
		{160420C7-417E-42ED-867A-56AE21958654} = {90298CBA-BD6F-3A0A-69D5-97CAD7B05E7E}
		{F91CD9F2-392A-4B59-BBD6-D95CD7054BCB} = {90298CBA-BD6F-3A0A-69D5-97CAD7B05E7E}
		{6ADBD00B-75AB-4231-B5F3-56904B24D610} = {90298CBA-BD6F-3A0A-69D5-97CAD7B05E7E}
		{9A7E10C2-3FEF-4E9B-BB01-573D09B0F83F} = {90298CBA-BD6F-3A0A-69D5-97CAD7B05E7E}
		{A310D70E-B820-47F9-8ED0-DBAAF87DB12E} = {90298CBA-BD6F-3A0A-69D5-97CAD7B05E7E}
		{A06FD4AE-8321-43BC-B404-FD8A85171B6E} = {90298CBA-BD6F-3A0A-69D5-97CAD7B05E7E}
		{FF047990-9D39-4167-8AC5-7B5DC277E759} = {90298CBA-BD6F-3A0A-69D5-97CAD7B05E7E}
		{F1F940F6-981C-4B0C-9E4B-BB6EF320D6C1} = {90298CBA-BD6F-3A0A-69D5-97CAD7B05E7E}
		{7C0C106F-0CEC-4248-8AC0-9C337F6C0920} = {90298CBA-BD6F-3A0A-69D5-97CAD7B05E7E}
		{FFF13C04-C7B8-4055-9D33-D1FC0AE97FAF} = {90298CBA-BD6F-3A0A-69D5-97CAD7B05E7E}
		{67D8A243-B6A1-44B7-AF1F-07246DABB005} = {90298CBA-BD6F-3A0A-69D5-97CAD7B05E7E}
		{540CD71A-3A16-42F3-AE8D-5AA9D16136E8} = {90298CBA-BD6F-3A0A-69D5-97CAD7B05E7E}
		{35223CE5-18B6-41B9-8C07-D5D3C1F3E257} = {90298CBA-BD6F-3A0A-69D5-97CAD7B05E7E}
		{9B256223-BD7E-45A7-BFCD-E3E5D6160ECA} = {90298CBA-BD6F-3A0A-69D5-97CAD7B05E7E}
		{84257AB1-9073-4D70-94AA-DED00170C21B} = {90298CBA-BD6F-3A0A-69D5-97CAD7B05E7E}
		{2E0DE4AF-1E80-451D-B2B7-800C9A7619D1} = {90298CBA-BD6F-3A0A-69D5-97CAD7B05E7E}
		{C650AC8F-5488-4E51-8AD2-F24FA56317B0} = {90298CBA-BD6F-3A0A-69D5-97CAD7B05E7E}
		{D95E3E7E-8615-432C-AED2-AFF05D330A72} = {90298CBA-BD6F-3A0A-69D5-97CAD7B05E7E}
		{DAF40383-4631-4533-8E08-D03D8CEC9BD0} = {90298CBA-BD6F-3A0A-69D5-97CAD7B05E7E}
		{590C1DFD-60A5-4A45-AC25-5B72A8BF56AE} = {0AB3BF05-4346-4AA6-1389-037BE0695223}
		{44C86195-A7B0-40A4-AD1C-83EFA5F9C321} = {90298CBA-BD6F-3A0A-69D5-97CAD7B05E7E}
		{BC6E2F01-036D-4C4F-9DA9-8352DD9C6AB4} = {0AB3BF05-4346-4AA6-1389-037BE0695223}
	EndGlobalSection
EndGlobal
